{
    "_meta": {
        "hash": {
            "sha256": "9a549d648fde10614fcd668ef51c15bd53510f34e684e9163d36a16cc96f7040"
        },
        "pipfile-spec": 6,
        "requires": {
            "python_version": "3.8"
        },
        "sources": [
            {
                "name": "pypi",
                "url": "https://pypi.org/simple",
                "verify_ssl": true
            }
        ]
    },
    "default": {
        "altgraph": {
            "hashes": [
                "sha256:1f05a47122542f97028caf78775a095fbe6a2699b5089de8477eb583167d69aa",
                "sha256:c623e5f3408ca61d4016f23a681b9adb100802ca3e3da5e718915a9e4052cebe"
            ],
            "version": "==0.17"
        },
        "pyinstaller": {
            "hashes": [
                "sha256:970beb07115761d5e4ec317c1351b712fd90ae7f23994db914c633281f99bab0"
            ],
            "index": "pypi",
            "version": "==4.0"
        },
        "pyinstaller-hooks-contrib": {
            "hashes": [
                "sha256:5b6e06ba6072499189f5b8e1623d5f0414962941aac370ee4f842de25455be5b",
                "sha256:74936d044f319cd7a9dca322b46a818fcb6e2af1c67af62e8a6a3121eb2863d2"
            ],
            "version": "==2020.7"
        }
    },
    "develop": {}
}
